
Microsoft Visual Studio Solution File, Format Version 12.00
# Visual Studio Version 17
VisualStudioVersion = 17.5.33414.496
MinimumVisualStudioVersion = 10.0.40219.1
Project("{FAE04EC0-301F-11D3-BF4B-00C04F79EFBC}") = "PsychoMedikAPI", "PsychoMedikAPI.csproj", "{ED1CE26D-5354-4369-961A-2D22C5901A7D}"
EndProject
Project("{FAE04EC0-301F-11D3-BF4B-00C04F79EFBC}") = "PsychoMedikApp.UWP", "..\PsychoMedikApp\PsychoMedikApp.UWP\PsychoMedikApp.UWP.csproj", "{C3DEA5ED-CD1D-4C4B-A134-85FB299B518D}"
EndProject
Project("{FAE04EC0-301F-11D3-BF4B-00C04F79EFBC}") = "PsychoMedikApp.Android", "..\PsychoMedikApp\PsychoMedikApp.Android\PsychoMedikApp.Android.csproj", "{85E84759-D54A-4D28-AFB4-E222892CE4E0}"
EndProject
Project("{FAE04EC0-301F-11D3-BF4B-00C04F79EFBC}") = "PsychoMedikApp.iOS", "..\PsychoMedikApp\PsychoMedikApp.iOS\PsychoMedikApp.iOS.csproj", "{DACDB698-A8F7-497C-B54A-0F9B5B69C663}"
EndProject
Project("{FAE04EC0-301F-11D3-BF4B-00C04F79EFBC}") = "PsychoMedikApp", "..\PsychoMedikApp\PsychoMedikApp\PsychoMedikApp.csproj", "{0F044EC0-2D10-4515-AE4B-F7C9028656C4}"
EndProject
Global
	GlobalSection(SolutionConfigurationPlatforms) = preSolution
		Debug|Any CPU = Debug|Any CPU
		Debug|ARM = Debug|ARM
		Debug|iPhone = Debug|iPhone
		Debug|iPhoneSimulator = Debug|iPhoneSimulator
		Debug|x64 = Debug|x64
		Debug|x86 = Debug|x86
		Release|Any CPU = Release|Any CPU
		Release|ARM = Release|ARM
		Release|iPhone = Release|iPhone
		Release|iPhoneSimulator = Release|iPhoneSimulator
		Release|x64 = Release|x64
		Release|x86 = Release|x86
	EndGlobalSection
	GlobalSection(ProjectConfigurationPlatforms) = postSolution
		{ED1CE26D-5354-4369-961A-2D22C5901A7D}.Debug|Any CPU.ActiveCfg = Debug|Any CPU
		{ED1CE26D-5354-4369-961A-2D22C5901A7D}.Debug|Any CPU.Build.0 = Debug|Any CPU
		{ED1CE26D-5354-4369-961A-2D22C5901A7D}.Debug|ARM.ActiveCfg = Debug|Any CPU
		{ED1CE26D-5354-4369-961A-2D22C5901A7D}.Debug|ARM.Build.0 = Debug|Any CPU
		{ED1CE26D-5354-4369-961A-2D22C5901A7D}.Debug|iPhone.ActiveCfg = Debug|Any CPU
		{ED1CE26D-5354-4369-961A-2D22C5901A7D}.Debug|iPhone.Build.0 = Debug|Any CPU
		{ED1CE26D-5354-4369-961A-2D22C5901A7D}.Debug|iPhoneSimulator.ActiveCfg = Debug|Any CPU
		{ED1CE26D-5354-4369-961A-2D22C5901A7D}.Debug|iPhoneSimulator.Build.0 = Debug|Any CPU
		{ED1CE26D-5354-4369-961A-2D22C5901A7D}.Debug|x64.ActiveCfg = Debug|Any CPU
		{ED1CE26D-5354-4369-961A-2D22C5901A7D}.Debug|x64.Build.0 = Debug|Any CPU
		{ED1CE26D-5354-4369-961A-2D22C5901A7D}.Debug|x86.ActiveCfg = Debug|Any CPU
		{ED1CE26D-5354-4369-961A-2D22C5901A7D}.Debug|x86.Build.0 = Debug|Any CPU
		{ED1CE26D-5354-4369-961A-2D22C5901A7D}.Release|Any CPU.ActiveCfg = Release|Any CPU
		{ED1CE26D-5354-4369-961A-2D22C5901A7D}.Release|Any CPU.Build.0 = Release|Any CPU
		{ED1CE26D-5354-4369-961A-2D22C5901A7D}.Release|ARM.ActiveCfg = Release|Any CPU
		{ED1CE26D-5354-4369-961A-2D22C5901A7D}.Release|ARM.Build.0 = Release|Any CPU
		{ED1CE26D-5354-4369-961A-2D22C5901A7D}.Release|iPhone.ActiveCfg = Release|Any CPU
		{ED1CE26D-5354-4369-961A-2D22C5901A7D}.Release|iPhone.Build.0 = Release|Any CPU
		{ED1CE26D-5354-4369-961A-2D22C5901A7D}.Release|iPhoneSimulator.ActiveCfg = Release|Any CPU
		{ED1CE26D-5354-4369-961A-2D22C5901A7D}.Release|iPhoneSimulator.Build.0 = Release|Any CPU
		{ED1CE26D-5354-4369-961A-2D22C5901A7D}.Release|x64.ActiveCfg = Release|Any CPU
		{ED1CE26D-5354-4369-961A-2D22C5901A7D}.Release|x64.Build.0 = Release|Any CPU
		{ED1CE26D-5354-4369-961A-2D22C5901A7D}.Release|x86.ActiveCfg = Release|Any CPU
		{ED1CE26D-5354-4369-961A-2D22C5901A7D}.Release|x86.Build.0 = Release|Any CPU
		{C3DEA5ED-CD1D-4C4B-A134-85FB299B518D}.Debug|Any CPU.ActiveCfg = Debug|x64
		{C3DEA5ED-CD1D-4C4B-A134-85FB299B518D}.Debug|Any CPU.Build.0 = Debug|x64
		{C3DEA5ED-CD1D-4C4B-A134-85FB299B518D}.Debug|Any CPU.Deploy.0 = Debug|x64
		{C3DEA5ED-CD1D-4C4B-A134-85FB299B518D}.Debug|ARM.ActiveCfg = Debug|ARM
		{C3DEA5ED-CD1D-4C4B-A134-85FB299B518D}.Debug|ARM.Build.0 = Debug|ARM
		{C3DEA5ED-CD1D-4C4B-A134-85FB299B518D}.Debug|ARM.Deploy.0 = Debug|ARM
		{C3DEA5ED-CD1D-4C4B-A134-85FB299B518D}.Debug|iPhone.ActiveCfg = Debug|x64
		{C3DEA5ED-CD1D-4C4B-A134-85FB299B518D}.Debug|iPhone.Build.0 = Debug|x64
		{C3DEA5ED-CD1D-4C4B-A134-85FB299B518D}.Debug|iPhone.Deploy.0 = Debug|x64
		{C3DEA5ED-CD1D-4C4B-A134-85FB299B518D}.Debug|iPhoneSimulator.ActiveCfg = Debug|x64
		{C3DEA5ED-CD1D-4C4B-A134-85FB299B518D}.Debug|iPhoneSimulator.Build.0 = Debug|x64
		{C3DEA5ED-CD1D-4C4B-A134-85FB299B518D}.Debug|iPhoneSimulator.Deploy.0 = Debug|x64
		{C3DEA5ED-CD1D-4C4B-A134-85FB299B518D}.Debug|x64.ActiveCfg = Debug|x64
		{C3DEA5ED-CD1D-4C4B-A134-85FB299B518D}.Debug|x64.Build.0 = Debug|x64
		{C3DEA5ED-CD1D-4C4B-A134-85FB299B518D}.Debug|x64.Deploy.0 = Debug|x64
		{C3DEA5ED-CD1D-4C4B-A134-85FB299B518D}.Debug|x86.ActiveCfg = Debug|x86
		{C3DEA5ED-CD1D-4C4B-A134-85FB299B518D}.Debug|x86.Build.0 = Debug|x86
		{C3DEA5ED-CD1D-4C4B-A134-85FB299B518D}.Debug|x86.Deploy.0 = Debug|x86
		{C3DEA5ED-CD1D-4C4B-A134-85FB299B518D}.Release|Any CPU.ActiveCfg = Release|x64
		{C3DEA5ED-CD1D-4C4B-A134-85FB299B518D}.Release|Any CPU.Build.0 = Release|x64
		{C3DEA5ED-CD1D-4C4B-A134-85FB299B518D}.Release|Any CPU.Deploy.0 = Release|x64
		{C3DEA5ED-CD1D-4C4B-A134-85FB299B518D}.Release|ARM.ActiveCfg = Release|ARM
		{C3DEA5ED-CD1D-4C4B-A134-85FB299B518D}.Release|ARM.Build.0 = Release|ARM
		{C3DEA5ED-CD1D-4C4B-A134-85FB299B518D}.Release|ARM.Deploy.0 = Release|ARM
		{C3DEA5ED-CD1D-4C4B-A134-85FB299B518D}.Release|iPhone.ActiveCfg = Release|x64
		{C3DEA5ED-CD1D-4C4B-A134-85FB299B518D}.Release|iPhone.Build.0 = Release|x64
		{C3DEA5ED-CD1D-4C4B-A134-85FB299B518D}.Release|iPhone.Deploy.0 = Release|x64
		{C3DEA5ED-CD1D-4C4B-A134-85FB299B518D}.Release|iPhoneSimulator.ActiveCfg = Release|x64
		{C3DEA5ED-CD1D-4C4B-A134-85FB299B518D}.Release|iPhoneSimulator.Build.0 = Release|x64
		{C3DEA5ED-CD1D-4C4B-A134-85FB299B518D}.Release|iPhoneSimulator.Deploy.0 = Release|x64
		{C3DEA5ED-CD1D-4C4B-A134-85FB299B518D}.Release|x64.ActiveCfg = Release|x64
		{C3DEA5ED-CD1D-4C4B-A134-85FB299B518D}.Release|x64.Build.0 = Release|x64
		{C3DEA5ED-CD1D-4C4B-A134-85FB299B518D}.Release|x64.Deploy.0 = Release|x64
		{C3DEA5ED-CD1D-4C4B-A134-85FB299B518D}.Release|x86.ActiveCfg = Release|x86
		{C3DEA5ED-CD1D-4C4B-A134-85FB299B518D}.Release|x86.Build.0 = Release|x86
		{C3DEA5ED-CD1D-4C4B-A134-85FB299B518D}.Release|x86.Deploy.0 = Release|x86
		{85E84759-D54A-4D28-AFB4-E222892CE4E0}.Debug|Any CPU.ActiveCfg = Debug|Any CPU
		{85E84759-D54A-4D28-AFB4-E222892CE4E0}.Debug|Any CPU.Build.0 = Debug|Any CPU
		{85E84759-D54A-4D28-AFB4-E222892CE4E0}.Debug|Any CPU.Deploy.0 = Debug|Any CPU
		{85E84759-D54A-4D28-AFB4-E222892CE4E0}.Debug|ARM.ActiveCfg = Debug|Any CPU
		{85E84759-D54A-4D28-AFB4-E222892CE4E0}.Debug|ARM.Build.0 = Debug|Any CPU
		{85E84759-D54A-4D28-AFB4-E222892CE4E0}.Debug|ARM.Deploy.0 = Debug|Any CPU
		{85E84759-D54A-4D28-AFB4-E222892CE4E0}.Debug|iPhone.ActiveCfg = Debug|Any CPU
		{85E84759-D54A-4D28-AFB4-E222892CE4E0}.Debug|iPhone.Build.0 = Debug|Any CPU
		{85E84759-D54A-4D28-AFB4-E222892CE4E0}.Debug|iPhone.Deploy.0 = Debug|Any CPU
		{85E84759-D54A-4D28-AFB4-E222892CE4E0}.Debug|iPhoneSimulator.ActiveCfg = Debug|Any CPU
		{85E84759-D54A-4D28-AFB4-E222892CE4E0}.Debug|iPhoneSimulator.Build.0 = Debug|Any CPU
		{85E84759-D54A-4D28-AFB4-E222892CE4E0}.Debug|iPhoneSimulator.Deploy.0 = Debug|Any CPU
		{85E84759-D54A-4D28-AFB4-E222892CE4E0}.Debug|x64.ActiveCfg = Debug|Any CPU
		{85E84759-D54A-4D28-AFB4-E222892CE4E0}.Debug|x64.Build.0 = Debug|Any CPU
		{85E84759-D54A-4D28-AFB4-E222892CE4E0}.Debug|x64.Deploy.0 = Debug|Any CPU
		{85E84759-D54A-4D28-AFB4-E222892CE4E0}.Debug|x86.ActiveCfg = Debug|Any CPU
		{85E84759-D54A-4D28-AFB4-E222892CE4E0}.Debug|x86.Build.0 = Debug|Any CPU
		{85E84759-D54A-4D28-AFB4-E222892CE4E0}.Debug|x86.Deploy.0 = Debug|Any CPU
		{85E84759-D54A-4D28-AFB4-E222892CE4E0}.Release|Any CPU.ActiveCfg = Release|Any CPU
		{85E84759-D54A-4D28-AFB4-E222892CE4E0}.Release|Any CPU.Build.0 = Release|Any CPU
		{85E84759-D54A-4D28-AFB4-E222892CE4E0}.Release|Any CPU.Deploy.0 = Release|Any CPU
		{85E84759-D54A-4D28-AFB4-E222892CE4E0}.Release|ARM.ActiveCfg = Release|Any CPU
		{85E84759-D54A-4D28-AFB4-E222892CE4E0}.Release|ARM.Build.0 = Release|Any CPU
		{85E84759-D54A-4D28-AFB4-E222892CE4E0}.Release|ARM.Deploy.0 = Release|Any CPU
		{85E84759-D54A-4D28-AFB4-E222892CE4E0}.Release|iPhone.ActiveCfg = Release|Any CPU
		{85E84759-D54A-4D28-AFB4-E222892CE4E0}.Release|iPhone.Build.0 = Release|Any CPU
		{85E84759-D54A-4D28-AFB4-E222892CE4E0}.Release|iPhone.Deploy.0 = Release|Any CPU
		{85E84759-D54A-4D28-AFB4-E222892CE4E0}.Release|iPhoneSimulator.ActiveCfg = Release|Any CPU
		{85E84759-D54A-4D28-AFB4-E222892CE4E0}.Release|iPhoneSimulator.Build.0 = Release|Any CPU
		{85E84759-D54A-4D28-AFB4-E222892CE4E0}.Release|iPhoneSimulator.Deploy.0 = Release|Any CPU
		{85E84759-D54A-4D28-AFB4-E222892CE4E0}.Release|x64.ActiveCfg = Release|Any CPU
		{85E84759-D54A-4D28-AFB4-E222892CE4E0}.Release|x64.Build.0 = Release|Any CPU
		{85E84759-D54A-4D28-AFB4-E222892CE4E0}.Release|x64.Deploy.0 = Release|Any CPU
		{85E84759-D54A-4D28-AFB4-E222892CE4E0}.Release|x86.ActiveCfg = Release|Any CPU
		{85E84759-D54A-4D28-AFB4-E222892CE4E0}.Release|x86.Build.0 = Release|Any CPU
		{85E84759-D54A-4D28-AFB4-E222892CE4E0}.Release|x86.Deploy.0 = Release|Any CPU
		{DACDB698-A8F7-497C-B54A-0F9B5B69C663}.Debug|Any CPU.ActiveCfg = Debug|iPhoneSimulator
		{DACDB698-A8F7-497C-B54A-0F9B5B69C663}.Debug|Any CPU.Build.0 = Debug|iPhoneSimulator
		{DACDB698-A8F7-497C-B54A-0F9B5B69C663}.Debug|ARM.ActiveCfg = Debug|iPhoneSimulator
		{DACDB698-A8F7-497C-B54A-0F9B5B69C663}.Debug|ARM.Build.0 = Debug|iPhoneSimulator
		{DACDB698-A8F7-497C-B54A-0F9B5B69C663}.Debug|iPhone.ActiveCfg = Debug|iPhone
		{DACDB698-A8F7-497C-B54A-0F9B5B69C663}.Debug|iPhone.Build.0 = Debug|iPhone
		{DACDB698-A8F7-497C-B54A-0F9B5B69C663}.Debug|iPhoneSimulator.ActiveCfg = Debug|iPhoneSimulator
		{DACDB698-A8F7-497C-B54A-0F9B5B69C663}.Debug|iPhoneSimulator.Build.0 = Debug|iPhoneSimulator
		{DACDB698-A8F7-497C-B54A-0F9B5B69C663}.Debug|x64.ActiveCfg = Debug|iPhoneSimulator
		{DACDB698-A8F7-497C-B54A-0F9B5B69C663}.Debug|x64.Build.0 = Debug|iPhoneSimulator
		{DACDB698-A8F7-497C-B54A-0F9B5B69C663}.Debug|x86.ActiveCfg = Debug|iPhoneSimulator
		{DACDB698-A8F7-497C-B54A-0F9B5B69C663}.Debug|x86.Build.0 = Debug|iPhoneSimulator
		{DACDB698-A8F7-497C-B54A-0F9B5B69C663}.Release|Any CPU.ActiveCfg = Release|iPhoneSimulator
		{DACDB698-A8F7-497C-B54A-0F9B5B69C663}.Release|Any CPU.Build.0 = Release|iPhoneSimulator
		{DACDB698-A8F7-497C-B54A-0F9B5B69C663}.Release|ARM.ActiveCfg = Release|iPhoneSimulator
		{DACDB698-A8F7-497C-B54A-0F9B5B69C663}.Release|ARM.Build.0 = Release|iPhoneSimulator
		{DACDB698-A8F7-497C-B54A-0F9B5B69C663}.Release|iPhone.ActiveCfg = Release|iPhone
		{DACDB698-A8F7-497C-B54A-0F9B5B69C663}.Release|iPhone.Build.0 = Release|iPhone
		{DACDB698-A8F7-497C-B54A-0F9B5B69C663}.Release|iPhoneSimulator.ActiveCfg = Release|iPhoneSimulator
		{DACDB698-A8F7-497C-B54A-0F9B5B69C663}.Release|iPhoneSimulator.Build.0 = Release|iPhoneSimulator
		{DACDB698-A8F7-497C-B54A-0F9B5B69C663}.Release|x64.ActiveCfg = Release|iPhoneSimulator
		{DACDB698-A8F7-497C-B54A-0F9B5B69C663}.Release|x64.Build.0 = Release|iPhoneSimulator
		{DACDB698-A8F7-497C-B54A-0F9B5B69C663}.Release|x86.ActiveCfg = Release|iPhoneSimulator
		{DACDB698-A8F7-497C-B54A-0F9B5B69C663}.Release|x86.Build.0 = Release|iPhoneSimulator
		{0F044EC0-2D10-4515-AE4B-F7C9028656C4}.Debug|Any CPU.ActiveCfg = Debug|Any CPU
		{0F044EC0-2D10-4515-AE4B-F7C9028656C4}.Debug|Any CPU.Build.0 = Debug|Any CPU
		{0F044EC0-2D10-4515-AE4B-F7C9028656C4}.Debug|ARM.ActiveCfg = Debug|Any CPU
		{0F044EC0-2D10-4515-AE4B-F7C9028656C4}.Debug|ARM.Build.0 = Debug|Any CPU
		{0F044EC0-2D10-4515-AE4B-F7C9028656C4}.Debug|iPhone.ActiveCfg = Debug|Any CPU
		{0F044EC0-2D10-4515-AE4B-F7C9028656C4}.Debug|iPhone.Build.0 = Debug|Any CPU
		{0F044EC0-2D10-4515-AE4B-F7C9028656C4}.Debug|iPhoneSimulator.ActiveCfg = Debug|Any CPU
		{0F044EC0-2D10-4515-AE4B-F7C9028656C4}.Debug|iPhoneSimulator.Build.0 = Debug|Any CPU
		{0F044EC0-2D10-4515-AE4B-F7C9028656C4}.Debug|x64.ActiveCfg = Debug|Any CPU
		{0F044EC0-2D10-4515-AE4B-F7C9028656C4}.Debug|x64.Build.0 = Debug|Any CPU
		{0F044EC0-2D10-4515-AE4B-F7C9028656C4}.Debug|x86.ActiveCfg = Debug|Any CPU
		{0F044EC0-2D10-4515-AE4B-F7C9028656C4}.Debug|x86.Build.0 = Debug|Any CPU
		{0F044EC0-2D10-4515-AE4B-F7C9028656C4}.Release|Any CPU.ActiveCfg = Release|Any CPU
		{0F044EC0-2D10-4515-AE4B-F7C9028656C4}.Release|Any CPU.Build.0 = Release|Any CPU
		{0F044EC0-2D10-4515-AE4B-F7C9028656C4}.Release|ARM.ActiveCfg = Release|Any CPU
		{0F044EC0-2D10-4515-AE4B-F7C9028656C4}.Release|ARM.Build.0 = Release|Any CPU
		{0F044EC0-2D10-4515-AE4B-F7C9028656C4}.Release|iPhone.ActiveCfg = Release|Any CPU
		{0F044EC0-2D10-4515-AE4B-F7C9028656C4}.Release|iPhone.Build.0 = Release|Any CPU
		{0F044EC0-2D10-4515-AE4B-F7C9028656C4}.Release|iPhoneSimulator.ActiveCfg = Release|Any CPU
		{0F044EC0-2D10-4515-AE4B-F7C9028656C4}.Release|iPhoneSimulator.Build.0 = Release|Any CPU
		{0F044EC0-2D10-4515-AE4B-F7C9028656C4}.Release|x64.ActiveCfg = Release|Any CPU
		{0F044EC0-2D10-4515-AE4B-F7C9028656C4}.Release|x64.Build.0 = Release|Any CPU
		{0F044EC0-2D10-4515-AE4B-F7C9028656C4}.Release|x86.ActiveCfg = Release|Any CPU
		{0F044EC0-2D10-4515-AE4B-F7C9028656C4}.Release|x86.Build.0 = Release|Any CPU
	EndGlobalSection
	GlobalSection(SolutionProperties) = preSolution
		HideSolutionNode = FALSE
	EndGlobalSection
	GlobalSection(ExtensibilityGlobals) = postSolution
		SolutionGuid = {F71DE206-26B3-444D-A08A-2F216ED11C9B}
	EndGlobalSection
EndGlobal
